
Microsoft Visual Studio Solution File, Format Version 12.00
# Visual Studio Version 17
VisualStudioVersion = 17.5.33424.131
MinimumVisualStudioVersion = 10.0.40219.1
Project("{FAE04EC0-301F-11D3-BF4B-00C04F79EFBC}") = "AlgorithmConsoleApp", "AlgorithmConsoleApp\AlgorithmConsoleApp.csproj", "{460DDE9F-EF9C-452B-A017-0EEE04BF40CB}"
EndProject
Global
	GlobalSection(SolutionConfigurationPlatforms) = preSolution
		Debug|Any CPU = Debug|Any CPU
		Release|Any CPU = Release|Any CPU
	EndGlobalSection
	GlobalSection(ProjectConfigurationPlatforms) = postSolution
		{460DDE9F-EF9C-452B-A017-0EEE04BF40CB}.Debug|Any CPU.ActiveCfg = Debug|Any CPU
		{460DDE9F-EF9C-452B-A017-0EEE04BF40CB}.Debug|Any CPU.Build.0 = Debug|Any CPU
		{460DDE9F-EF9C-452B-A017-0EEE04BF40CB}.Release|Any CPU.ActiveCfg = Release|Any CPU
		{460DDE9F-EF9C-452B-A017-0EEE04BF40CB}.Release|Any CPU.Build.0 = Release|Any CPU
	EndGlobalSection
	GlobalSection(SolutionProperties) = preSolution
		HideSolutionNode = FALSE
	EndGlobalSection
	GlobalSection(ExtensibilityGlobals) = postSolution
		SolutionGuid = {194D342D-EC4C-44C0-8CB1-33ECA079E2FA}
	EndGlobalSection
EndGlobal
